
Microsoft Visual Studio Solution File, Format Version 12.00
# Visual Studio Version 17
VisualStudioVersion = 17.0.31903.59
MinimumVisualStudioVersion = 10.0.40219.1
Project("{FAE04EC0-301F-11D3-BF4B-00C04F79EFBC}") = "d20-wiki-backend", "d20-wiki-backend.csproj", "{81F4EAD4-B589-45F2-8635-695EFF5231BA}"
EndProject
Global
	GlobalSection(SolutionConfigurationPlatforms) = preSolution
		Debug|Any CPU = Debug|Any CPU
		Release|Any CPU = Release|Any CPU
	EndGlobalSection
	GlobalSection(SolutionProperties) = preSolution
		HideSolutionNode = FALSE
	EndGlobalSection
	GlobalSection(ProjectConfigurationPlatforms) = postSolution
		{81F4EAD4-B589-45F2-8635-695EFF5231BA}.Debug|Any CPU.ActiveCfg = Debug|Any CPU
		{81F4EAD4-B589-45F2-8635-695EFF5231BA}.Debug|Any CPU.Build.0 = Debug|Any CPU
		{81F4EAD4-B589-45F2-8635-695EFF5231BA}.Release|Any CPU.ActiveCfg = Release|Any CPU
		{81F4EAD4-B589-45F2-8635-695EFF5231BA}.Release|Any CPU.Build.0 = Release|Any CPU
	EndGlobalSection
EndGlobal
